// !$*UTF8*$!
{
	archiveVersion = 1;
	classes = {
	};
	objectVersion = 50;
	objects = {

/* Begin PBXBuildFile section */
		2F0334C02653C0070012C736 /* ListView.swift in Sources */ = {isa = PBXBuildFile; fileRef = 2F0334BF2653C0070012C736 /* ListView.swift */; };
		2F0334C42654ADEE0012C736 /* Hike.swift in Sources */ = {isa = PBXBuildFile; fileRef = 2F0334C32654ADEE0012C736 /* Hike.swift */; };
		2F0334C82654B0E40012C736 /* HikeView.swift in Sources */ = {isa = PBXBuildFile; fileRef = 2F0334C72654B0E40012C736 /* HikeView.swift */; };
		2F0334CE2654B1A10012C736 /* GraphCapsule.swift in Sources */ = {isa = PBXBuildFile; fileRef = 2F0334CB2654B1A10012C736 /* GraphCapsule.swift */; };
		2F0334CF2654B1A10012C736 /* HikeGraph.swift in Sources */ = {isa = PBXBuildFile; fileRef = 2F0334CC2654B1A10012C736 /* HikeGraph.swift */; };
		2F0334D02654B1A10012C736 /* HikeDetail.swift in Sources */ = {isa = PBXBuildFile; fileRef = 2F0334CD2654B1A10012C736 /* HikeDetail.swift */; };
		2F48917A262993AE00755DBC /* Main.storyboard in Resources */ = {isa = PBXBuildFile; fileRef = 2F489178262993AE00755DBC /* Main.storyboard */; };
		2F48917C262993B000755DBC /* Assets.xcassets in Resources */ = {isa = PBXBuildFile; fileRef = 2F48917B262993B000755DBC /* Assets.xcassets */; };
		2F48917F262993B000755DBC /* LaunchScreen.storyboard in Resources */ = {isa = PBXBuildFile; fileRef = 2F48917D262993B000755DBC /* LaunchScreen.storyboard */; };
		2F82298A264E6C2C00732CE0 /* FavoriteButton.swift in Sources */ = {isa = PBXBuildFile; fileRef = 2F822989264E6C2C00732CE0 /* FavoriteButton.swift */; };
		2F82298D264E9C8500732CE0 /* HexagonParameters.swift in Sources */ = {isa = PBXBuildFile; fileRef = 2F82298C264E9C8400732CE0 /* HexagonParameters.swift */; };
		2F822990264E9D6100732CE0 /* BadgeBackground.swift in Sources */ = {isa = PBXBuildFile; fileRef = 2F82298F264E9D6100732CE0 /* BadgeBackground.swift */; };
		2F8229932653736600732CE0 /* BadgeSymbol.swift in Sources */ = {isa = PBXBuildFile; fileRef = 2F8229922653736500732CE0 /* BadgeSymbol.swift */; };
		2F8229962653776B00732CE0 /* RotatedBadgeSymbol.swift in Sources */ = {isa = PBXBuildFile; fileRef = 2F8229952653776B00732CE0 /* RotatedBadgeSymbol.swift */; };
		2F8229992653781F00732CE0 /* Badge.swift in Sources */ = {isa = PBXBuildFile; fileRef = 2F8229982653781F00732CE0 /* Badge.swift */; };
		2F82299D26539BB800732CE0 /* hikeData.json in Resources */ = {isa = PBXBuildFile; fileRef = 2F82299C26539BB800732CE0 /* hikeData.json */; };
		2F8229A32653B33700732CE0 /* ListCell.swift in Sources */ = {isa = PBXBuildFile; fileRef = 2F8229A22653B33700732CE0 /* ListCell.swift */; };
		2FBCEFED2646395D00ED570C /* DemoSwiftUI.swift in Sources */ = {isa = PBXBuildFile; fileRef = 2FBCEFEC2646395D00ED570C /* DemoSwiftUI.swift */; };
		2FBCEFF72646421E00ED570C /* CircleImage.swift in Sources */ = {isa = PBXBuildFile; fileRef = 2FBCEFF62646421E00ED570C /* CircleImage.swift */; };
		2FBCEFFE264644EE00ED570C /* MapSwiftUI.swift in Sources */ = {isa = PBXBuildFile; fileRef = 2FBCEFFD264644EE00ED570C /* MapSwiftUI.swift */; };
		2FBCF0082646463000ED570C /* ContentView.swift in Sources */ = {isa = PBXBuildFile; fileRef = 2FBCF0072646463000ED570C /* ContentView.swift */; };
		2FBCF013264665C300ED570C /* LandmarkRow.swift in Sources */ = {isa = PBXBuildFile; fileRef = 2FBCF012264665C300ED570C /* LandmarkRow.swift */; };
		2FBCF01D26468A1600ED570C /* ModelData.swift in Sources */ = {isa = PBXBuildFile; fileRef = 2FBCF01C26468A1500ED570C /* ModelData.swift */; };
		2FBCF02326468CC100ED570C /* landmarkData.json in Resources */ = {isa = PBXBuildFile; fileRef = 2FBCF02226468CC100ED570C /* landmarkData.json */; };
		2FBCF0412646AEB500ED570C /* LandmarkRowView.swift in Sources */ = {isa = PBXBuildFile; fileRef = 2FBCF0402646AEB500ED570C /* LandmarkRowView.swift */; };
		2FBCF05E2648D57700ED570C /* LandmarkList.swift in Sources */ = {isa = PBXBuildFile; fileRef = 2FBCF05D2648D57700ED570C /* LandmarkList.swift */; };
		2FBCF0642648D69300ED570C /* LandmarkDetail.swift in Sources */ = {isa = PBXBuildFile; fileRef = 2FBCF0632648D69300ED570C /* LandmarkDetail.swift */; };
		2FC82114265F98E80011CCF0 /* PageViewController.swift in Sources */ = {isa = PBXBuildFile; fileRef = 2FC82113265F98E80011CCF0 /* PageViewController.swift */; };
		2FC82118265F9B2E0011CCF0 /* FeatureCard.swift in Sources */ = {isa = PBXBuildFile; fileRef = 2FC82117265F9B2E0011CCF0 /* FeatureCard.swift */; };
		2FC8211B265F9D9D0011CCF0 /* PageView.swift in Sources */ = {isa = PBXBuildFile; fileRef = 2FC8211A265F9D9D0011CCF0 /* PageView.swift */; };
		2FC82120265FB5EB0011CCF0 /* PageControl.swift in Sources */ = {isa = PBXBuildFile; fileRef = 2FC8211F265FB5EA0011CCF0 /* PageControl.swift */; };
		2FD62B5826492E770051B846 /* LandmarkApp.swift in Sources */ = {isa = PBXBuildFile; fileRef = 2FD62B5726492E770051B846 /* LandmarkApp.swift */; };
/* End PBXBuildFile section */

/* Begin PBXCopyFilesBuildPhase section */
		2FBCEFBD2646366B00ED570C /* Embed App Extensions */ = {
			isa = PBXCopyFilesBuildPhase;
			buildActionMask = 2147483647;
			dstPath = "";
			dstSubfolderSpec = 13;
			files = (
			);
			name = "Embed App Extensions";
			runOnlyForDeploymentPostprocessing = 0;
		};
/* End PBXCopyFilesBuildPhase section */

/* Begin PBXFileReference section */
		2F0334BF2653C0070012C736 /* ListView.swift */ = {isa = PBXFileReference; lastKnownFileType = sourcecode.swift; path = ListView.swift; sourceTree = "<group>"; };
		2F0334C32654ADEE0012C736 /* Hike.swift */ = {isa = PBXFileReference; lastKnownFileType = sourcecode.swift; path = Hike.swift; sourceTree = "<group>"; };
		2F0334C72654B0E40012C736 /* HikeView.swift */ = {isa = PBXFileReference; lastKnownFileType = sourcecode.swift; path = HikeView.swift; sourceTree = "<group>"; };
		2F0334CB2654B1A10012C736 /* GraphCapsule.swift */ = {isa = PBXFileReference; fileEncoding = 4; lastKnownFileType = sourcecode.swift; path = GraphCapsule.swift; sourceTree = "<group>"; };
		2F0334CC2654B1A10012C736 /* HikeGraph.swift */ = {isa = PBXFileReference; fileEncoding = 4; lastKnownFileType = sourcecode.swift; path = HikeGraph.swift; sourceTree = "<group>"; };
		2F0334CD2654B1A10012C736 /* HikeDetail.swift */ = {isa = PBXFileReference; fileEncoding = 4; lastKnownFileType = sourcecode.swift; path = HikeDetail.swift; sourceTree = "<group>"; };
		2F48916F262993AE00755DBC /* SwiftTest.app */ = {isa = PBXFileReference; explicitFileType = wrapper.application; includeInIndex = 0; path = SwiftTest.app; sourceTree = BUILT_PRODUCTS_DIR; };
		2F489179262993AE00755DBC /* Base */ = {isa = PBXFileReference; lastKnownFileType = file.storyboard; name = Base; path = Base.lproj/Main.storyboard; sourceTree = "<group>"; };
		2F48917B262993B000755DBC /* Assets.xcassets */ = {isa = PBXFileReference; lastKnownFileType = folder.assetcatalog; path = Assets.xcassets; sourceTree = "<group>"; };
		2F48917E262993B000755DBC /* Base */ = {isa = PBXFileReference; lastKnownFileType = file.storyboard; name = Base; path = Base.lproj/LaunchScreen.storyboard; sourceTree = "<group>"; };
		2F489180262993B000755DBC /* Info.plist */ = {isa = PBXFileReference; lastKnownFileType = text.plist.xml; path = Info.plist; sourceTree = "<group>"; };
		2F822989264E6C2C00732CE0 /* FavoriteButton.swift */ = {isa = PBXFileReference; lastKnownFileType = sourcecode.swift; path = FavoriteButton.swift; sourceTree = "<group>"; };
		2F82298C264E9C8400732CE0 /* HexagonParameters.swift */ = {isa = PBXFileReference; lastKnownFileType = sourcecode.swift; path = HexagonParameters.swift; sourceTree = "<group>"; };
		2F82298F264E9D6100732CE0 /* BadgeBackground.swift */ = {isa = PBXFileReference; lastKnownFileType = sourcecode.swift; path = BadgeBackground.swift; sourceTree = "<group>"; };
		2F8229922653736500732CE0 /* BadgeSymbol.swift */ = {isa = PBXFileReference; lastKnownFileType = sourcecode.swift; path = BadgeSymbol.swift; sourceTree = "<group>"; };
		2F8229952653776B00732CE0 /* RotatedBadgeSymbol.swift */ = {isa = PBXFileReference; lastKnownFileType = sourcecode.swift; path = RotatedBadgeSymbol.swift; sourceTree = "<group>"; };
		2F8229982653781F00732CE0 /* Badge.swift */ = {isa = PBXFileReference; lastKnownFileType = sourcecode.swift; path = Badge.swift; sourceTree = "<group>"; };
		2F82299C26539BB800732CE0 /* hikeData.json */ = {isa = PBXFileReference; fileEncoding = 4; lastKnownFileType = text.json; path = hikeData.json; sourceTree = "<group>"; };
		2F8229A22653B33700732CE0 /* ListCell.swift */ = {isa = PBXFileReference; lastKnownFileType = sourcecode.swift; path = ListCell.swift; sourceTree = "<group>"; };
		2FBCEFB22646366B00ED570C /* IntentsUI.framework */ = {isa = PBXFileReference; lastKnownFileType = wrapper.framework; name = IntentsUI.framework; path = System/Library/Frameworks/IntentsUI.framework; sourceTree = SDKROOT; };
		2FBCEFD5264638E500ED570C /* WidgetKit.framework */ = {isa = PBXFileReference; lastKnownFileType = wrapper.framework; name = WidgetKit.framework; path = System/Library/Frameworks/WidgetKit.framework; sourceTree = SDKROOT; };
		2FBCEFD7264638E500ED570C /* SwiftUI.framework */ = {isa = PBXFileReference; lastKnownFileType = wrapper.framework; name = SwiftUI.framework; path = System/Library/Frameworks/SwiftUI.framework; sourceTree = SDKROOT; };
		2FBCEFEC2646395D00ED570C /* DemoSwiftUI.swift */ = {isa = PBXFileReference; lastKnownFileType = sourcecode.swift; path = DemoSwiftUI.swift; sourceTree = "<group>"; };
		2FBCEFF62646421E00ED570C /* CircleImage.swift */ = {isa = PBXFileReference; lastKnownFileType = sourcecode.swift; path = CircleImage.swift; sourceTree = "<group>"; };
		2FBCEFFD264644EE00ED570C /* MapSwiftUI.swift */ = {isa = PBXFileReference; lastKnownFileType = sourcecode.swift; path = MapSwiftUI.swift; sourceTree = "<group>"; };
		2FBCF0072646463000ED570C /* ContentView.swift */ = {isa = PBXFileReference; lastKnownFileType = sourcecode.swift; path = ContentView.swift; sourceTree = "<group>"; };
		2FBCF012264665C300ED570C /* LandmarkRow.swift */ = {isa = PBXFileReference; lastKnownFileType = sourcecode.swift; path = LandmarkRow.swift; sourceTree = "<group>"; };
		2FBCF01C26468A1500ED570C /* ModelData.swift */ = {isa = PBXFileReference; lastKnownFileType = sourcecode.swift; path = ModelData.swift; sourceTree = "<group>"; };
		2FBCF02226468CC100ED570C /* landmarkData.json */ = {isa = PBXFileReference; fileEncoding = 4; lastKnownFileType = text.json; path = landmarkData.json; sourceTree = "<group>"; };
		2FBCF0402646AEB500ED570C /* LandmarkRowView.swift */ = {isa = PBXFileReference; lastKnownFileType = sourcecode.swift; path = LandmarkRowView.swift; sourceTree = "<group>"; };
		2FBCF05D2648D57700ED570C /* LandmarkList.swift */ = {isa = PBXFileReference; lastKnownFileType = sourcecode.swift; path = LandmarkList.swift; sourceTree = "<group>"; };
		2FBCF0632648D69300ED570C /* LandmarkDetail.swift */ = {isa = PBXFileReference; lastKnownFileType = sourcecode.swift; path = LandmarkDetail.swift; sourceTree = "<group>"; };
		2FC82113265F98E80011CCF0 /* PageViewController.swift */ = {isa = PBXFileReference; lastKnownFileType = sourcecode.swift; path = PageViewController.swift; sourceTree = "<group>"; };
		2FC82117265F9B2E0011CCF0 /* FeatureCard.swift */ = {isa = PBXFileReference; lastKnownFileType = sourcecode.swift; path = FeatureCard.swift; sourceTree = "<group>"; };
		2FC8211A265F9D9D0011CCF0 /* PageView.swift */ = {isa = PBXFileReference; lastKnownFileType = sourcecode.swift; path = PageView.swift; sourceTree = "<group>"; };
		2FC8211F265FB5EA0011CCF0 /* PageControl.swift */ = {isa = PBXFileReference; lastKnownFileType = sourcecode.swift; path = PageControl.swift; sourceTree = "<group>"; };
		2FD62B5726492E770051B846 /* LandmarkApp.swift */ = {isa = PBXFileReference; lastKnownFileType = sourcecode.swift; path = LandmarkApp.swift; sourceTree = "<group>"; };
/* End PBXFileReference section */

/* Begin PBXFrameworksBuildPhase section */
		2F48916C262993AE00755DBC /* Frameworks */ = {
			isa = PBXFrameworksBuildPhase;
			buildActionMask = 2147483647;
			files = (
			);
			runOnlyForDeploymentPostprocessing = 0;
		};
/* End PBXFrameworksBuildPhase section */

/* Begin PBXGroup section */
		2F0334C22654ADDC0012C736 /* Hike */ = {
			isa = PBXGroup;
			children = (
				2F0334CB2654B1A10012C736 /* GraphCapsule.swift */,
				2F0334CD2654B1A10012C736 /* HikeDetail.swift */,
				2F0334CC2654B1A10012C736 /* HikeGraph.swift */,
				2F0334C72654B0E40012C736 /* HikeView.swift */,
			);
			path = Hike;
			sourceTree = "<group>";
		};
		2F489166262993AE00755DBC = {
			isa = PBXGroup;
			children = (
				2F489171262993AE00755DBC /* SwiftTest */,
				2FBCEFB12646366B00ED570C /* Frameworks */,
				2F489170262993AE00755DBC /* Products */,
			);
			sourceTree = "<group>";
		};
		2F489170262993AE00755DBC /* Products */ = {
			isa = PBXGroup;
			children = (
				2F48916F262993AE00755DBC /* SwiftTest.app */,
			);
			name = Products;
			sourceTree = "<group>";
		};
		2F489171262993AE00755DBC /* SwiftTest */ = {
			isa = PBXGroup;
			children = (
				2FC82112265F98C90011CCF0 /* Page */,
				2F0334C22654ADDC0012C736 /* Hike */,
				2F82299F2653A7BF00732CE0 /* Landmark */,
				2FD62B5726492E770051B846 /* LandmarkApp.swift */,
				2F82299B265396E700732CE0 /* Bradges */,
				2FBCF0692648E8BB00ED570C /* Model */,
				2FBCF04A2648CF4B00ED570C /* Resources */,
				2FBCEFFC264644CD00ED570C /* View */,
				2F489178262993AE00755DBC /* Main.storyboard */,
				2F48917B262993B000755DBC /* Assets.xcassets */,
				2F48917D262993B000755DBC /* LaunchScreen.storyboard */,
				2F489180262993B000755DBC /* Info.plist */,
			);
			path = SwiftTest;
			sourceTree = "<group>";
		};
		2F82299B265396E700732CE0 /* Bradges */ = {
			isa = PBXGroup;
			children = (
				2F82298F264E9D6100732CE0 /* BadgeBackground.swift */,
				2F8229922653736500732CE0 /* BadgeSymbol.swift */,
				2F8229952653776B00732CE0 /* RotatedBadgeSymbol.swift */,
				2F8229982653781F00732CE0 /* Badge.swift */,
			);
			path = Bradges;
			sourceTree = "<group>";
		};
		2F82299F2653A7BF00732CE0 /* Landmark */ = {
			isa = PBXGroup;
			children = (
				2FBCEFEC2646395D00ED570C /* DemoSwiftUI.swift */,
				2FBCEFF62646421E00ED570C /* CircleImage.swift */,
				2FBCF0402646AEB500ED570C /* LandmarkRowView.swift */,
				2FBCF05D2648D57700ED570C /* LandmarkList.swift */,
				2F82298C264E9C8400732CE0 /* HexagonParameters.swift */,
				2FBCF0632648D69300ED570C /* LandmarkDetail.swift */,
				2FBCEFFD264644EE00ED570C /* MapSwiftUI.swift */,
				2FBCF0072646463000ED570C /* ContentView.swift */,
				2F822989264E6C2C00732CE0 /* FavoriteButton.swift */,
			);
			path = Landmark;
			sourceTree = "<group>";
		};
		2FBCEFB12646366B00ED570C /* Frameworks */ = {
			isa = PBXGroup;
			children = (
				2FBCEFB22646366B00ED570C /* IntentsUI.framework */,
				2FBCEFD5264638E500ED570C /* WidgetKit.framework */,
				2FBCEFD7264638E500ED570C /* SwiftUI.framework */,
			);
			name = Frameworks;
			sourceTree = "<group>";
		};
		2FBCEFFC264644CD00ED570C /* View */ = {
			isa = PBXGroup;
			children = (
				2F8229A22653B33700732CE0 /* ListCell.swift */,
				2F0334BF2653C0070012C736 /* ListView.swift */,
			);
			path = View;
			sourceTree = "<group>";
		};
		2FBCF04A2648CF4B00ED570C /* Resources */ = {
			isa = PBXGroup;
			children = (
				2F82299C26539BB800732CE0 /* hikeData.json */,
				2FBCF02226468CC100ED570C /* landmarkData.json */,
			);
			path = Resources;
			sourceTree = "<group>";
		};
		2FBCF0692648E8BB00ED570C /* Model */ = {
			isa = PBXGroup;
			children = (
				2F0334C32654ADEE0012C736 /* Hike.swift */,
				2FBCF01C26468A1500ED570C /* ModelData.swift */,
				2FBCF012264665C300ED570C /* LandmarkRow.swift */,
			);
			path = Model;
			sourceTree = "<group>";
		};
		2FC82112265F98C90011CCF0 /* Page */ = {
			isa = PBXGroup;
			children = (
				2FC82113265F98E80011CCF0 /* PageViewController.swift */,
				2FC82117265F9B2E0011CCF0 /* FeatureCard.swift */,
				2FC8211A265F9D9D0011CCF0 /* PageView.swift */,
				2FC8211F265FB5EA0011CCF0 /* PageControl.swift */,
			);
			path = Page;
			sourceTree = "<group>";
		};
/* End PBXGroup section */

/* Begin PBXNativeTarget section */
		2F48916E262993AE00755DBC /* SwiftTest */ = {
			isa = PBXNativeTarget;
			buildConfigurationList = 2F489199262993B000755DBC /* Build configuration list for PBXNativeTarget "SwiftTest" */;
			buildPhases = (
				2F48916B262993AE00755DBC /* Sources */,
				2F48916C262993AE00755DBC /* Frameworks */,
				2F48916D262993AE00755DBC /* Resources */,
				2FBCEFBD2646366B00ED570C /* Embed App Extensions */,
			);
			buildRules = (
			);
			dependencies = (
			);
			name = SwiftTest;
			productName = SwiftTest;
			productReference = 2F48916F262993AE00755DBC /* SwiftTest.app */;
			productType = "com.apple.product-type.application";
		};
/* End PBXNativeTarget section */

/* Begin PBXProject section */
		2F489167262993AE00755DBC /* Project object */ = {
			isa = PBXProject;
			attributes = {
				LastSwiftUpdateCheck = 1200;
				LastUpgradeCheck = 1200;
				TargetAttributes = {
					2F48916E262993AE00755DBC = {
						CreatedOnToolsVersion = 12.0.1;
					};
				};
			};
			buildConfigurationList = 2F48916A262993AE00755DBC /* Build configuration list for PBXProject "SwiftTest" */;
			compatibilityVersion = "Xcode 9.3";
			developmentRegion = en;
			hasScannedForEncodings = 0;
			knownRegions = (
				en,
				Base,
			);
			mainGroup = 2F489166262993AE00755DBC;
			productRefGroup = 2F489170262993AE00755DBC /* Products */;
			projectDirPath = "";
			projectRoot = "";
			targets = (
				2F48916E262993AE00755DBC /* SwiftTest */,
			);
		};
/* End PBXProject section */

/* Begin PBXResourcesBuildPhase section */
		2F48916D262993AE00755DBC /* Resources */ = {
			isa = PBXResourcesBuildPhase;
			buildActionMask = 2147483647;
			files = (
				2F48917F262993B000755DBC /* LaunchScreen.storyboard in Resources */,
				2FBCF02326468CC100ED570C /* landmarkData.json in Resources */,
				2F48917C262993B000755DBC /* Assets.xcassets in Resources */,
				2F48917A262993AE00755DBC /* Main.storyboard in Resources */,
				2F82299D26539BB800732CE0 /* hikeData.json in Resources */,
			);
			runOnlyForDeploymentPostprocessing = 0;
		};
/* End PBXResourcesBuildPhase section */

/* Begin PBXSourcesBuildPhase section */
		2F48916B262993AE00755DBC /* Sources */ = {
			isa = PBXSourcesBuildPhase;
			buildActionMask = 2147483647;
			files = (
				2FBCEFFE264644EE00ED570C /* MapSwiftUI.swift in Sources */,
				2F0334CF2654B1A10012C736 /* HikeGraph.swift in Sources */,
				2FC82120265FB5EB0011CCF0 /* PageControl.swift in Sources */,
				2F8229992653781F00732CE0 /* Badge.swift in Sources */,
				2FBCF013264665C300ED570C /* LandmarkRow.swift in Sources */,
				2F0334D02654B1A10012C736 /* HikeDetail.swift in Sources */,
				2F0334C42654ADEE0012C736 /* Hike.swift in Sources */,
				2F82298A264E6C2C00732CE0 /* FavoriteButton.swift in Sources */,
				2FBCF0082646463000ED570C /* ContentView.swift in Sources */,
				2FBCEFED2646395D00ED570C /* DemoSwiftUI.swift in Sources */,
				2FBCF0642648D69300ED570C /* LandmarkDetail.swift in Sources */,
				2FBCF05E2648D57700ED570C /* LandmarkList.swift in Sources */,
				2F0334C02653C0070012C736 /* ListView.swift in Sources */,
				2F8229932653736600732CE0 /* BadgeSymbol.swift in Sources */,
				2FBCF01D26468A1600ED570C /* ModelData.swift in Sources */,
				2F822990264E9D6100732CE0 /* BadgeBackground.swift in Sources */,
				2FC82114265F98E80011CCF0 /* PageViewController.swift in Sources */,
				2F0334C82654B0E40012C736 /* HikeView.swift in Sources */,
				2FC8211B265F9D9D0011CCF0 /* PageView.swift in Sources */,
				2F8229A32653B33700732CE0 /* ListCell.swift in Sources */,
				2F82298D264E9C8500732CE0 /* HexagonParameters.swift in Sources */,
				2FC82118265F9B2E0011CCF0 /* FeatureCard.swift in Sources */,
				2FD62B5826492E770051B846 /* LandmarkApp.swift in Sources */,
				2FBCF0412646AEB500ED570C /* LandmarkRowView.swift in Sources */,
				2FBCEFF72646421E00ED570C /* CircleImage.swift in Sources */,
				2F8229962653776B00732CE0 /* RotatedBadgeSymbol.swift in Sources */,
				2F0334CE2654B1A10012C736 /* GraphCapsule.swift in Sources */,
			);
			runOnlyForDeploymentPostprocessing = 0;
		};
/* End PBXSourcesBuildPhase section */

/* Begin PBXVariantGroup section */
		2F489178262993AE00755DBC /* Main.storyboard */ = {
			isa = PBXVariantGroup;
			children = (
				2F489179262993AE00755DBC /* Base */,
			);
			name = Main.storyboard;
			sourceTree = "<group>";
		};
		2F48917D262993B000755DBC /* LaunchScreen.storyboard */ = {
			isa = PBXVariantGroup;
			children = (
				2F48917E262993B000755DBC /* Base */,
			);
			name = LaunchScreen.storyboard;
			sourceTree = "<group>";
		};
/* End PBXVariantGroup section */

/* Begin XCBuildConfiguration section */
		2F489197262993B000755DBC /* Debug */ = {
			isa = XCBuildConfiguration;
			buildSettings = {
				ALWAYS_SEARCH_USER_PATHS = NO;
				CLANG_ANALYZER_NONNULL = YES;
				CLANG_ANALYZER_NUMBER_OBJECT_CONVERSION = YES_AGGRESSIVE;
				CLANG_CXX_LANGUAGE_STANDARD = "gnu++14";
				CLANG_CXX_LIBRARY = "libc++";
				CLANG_ENABLE_MODULES = YES;
				CLANG_ENABLE_OBJC_ARC = YES;
				CLANG_ENABLE_OBJC_WEAK = YES;
				CLANG_WARN_BLOCK_CAPTURE_AUTORELEASING = YES;
				CLANG_WARN_BOOL_CONVERSION = YES;
				CLANG_WARN_COMMA = YES;
				CLANG_WARN_CONSTANT_CONVERSION = YES;
				CLANG_WARN_DEPRECATED_OBJC_IMPLEMENTATIONS = YES;
				CLANG_WARN_DIRECT_OBJC_ISA_USAGE = YES_ERROR;
				CLANG_WARN_DOCUMENTATION_COMMENTS = YES;
				CLANG_WARN_EMPTY_BODY = YES;
				CLANG_WARN_ENUM_CONVERSION = YES;
				CLANG_WARN_INFINITE_RECURSION = YES;
				CLANG_WARN_INT_CONVERSION = YES;
				CLANG_WARN_NON_LITERAL_NULL_CONVERSION = YES;
				CLANG_WARN_OBJC_IMPLICIT_RETAIN_SELF = YES;
				CLANG_WARN_OBJC_LITERAL_CONVERSION = YES;
				CLANG_WARN_OBJC_ROOT_CLASS = YES_ERROR;
				CLANG_WARN_QUOTED_INCLUDE_IN_FRAMEWORK_HEADER = YES;
				CLANG_WARN_RANGE_LOOP_ANALYSIS = YES;
				CLANG_WARN_STRICT_PROTOTYPES = YES;
				CLANG_WARN_SUSPICIOUS_MOVE = YES;
				CLANG_WARN_UNGUARDED_AVAILABILITY = YES_AGGRESSIVE;
				CLANG_WARN_UNREACHABLE_CODE = YES;
				CLANG_WARN__DUPLICATE_METHOD_MATCH = YES;
				COPY_PHASE_STRIP = NO;
				DEBUG_INFORMATION_FORMAT = dwarf;
				ENABLE_STRICT_OBJC_MSGSEND = YES;
				ENABLE_TESTABILITY = YES;
				GCC_C_LANGUAGE_STANDARD = gnu11;
				GCC_DYNAMIC_NO_PIC = NO;
				GCC_NO_COMMON_BLOCKS = YES;
				GCC_OPTIMIZATION_LEVEL = 0;
				GCC_PREPROCESSOR_DEFINITIONS = (
					"DEBUG=1",
					"$(inherited)",
				);
				GCC_WARN_64_TO_32_BIT_CONVERSION = YES;
				GCC_WARN_ABOUT_RETURN_TYPE = YES_ERROR;
				GCC_WARN_UNDECLARED_SELECTOR = YES;
				GCC_WARN_UNINITIALIZED_AUTOS = YES_AGGRESSIVE;
				GCC_WARN_UNUSED_FUNCTION = YES;
				GCC_WARN_UNUSED_VARIABLE = YES;
				IPHONEOS_DEPLOYMENT_TARGET = 14.0;
				MTL_ENABLE_DEBUG_INFO = INCLUDE_SOURCE;
				MTL_FAST_MATH = YES;
				ONLY_ACTIVE_ARCH = YES;
				SDKROOT = iphoneos;
				SWIFT_ACTIVE_COMPILATION_CONDITIONS = DEBUG;
				SWIFT_OPTIMIZATION_LEVEL = "-Onone";
			};
			name = Debug;
		};
		2F489198262993B000755DBC /* Release */ = {
			isa = XCBuildConfiguration;
			buildSettings = {
				ALWAYS_SEARCH_USER_PATHS = NO;
				CLANG_ANALYZER_NONNULL = YES;
				CLANG_ANALYZER_NUMBER_OBJECT_CONVERSION = YES_AGGRESSIVE;
				CLANG_CXX_LANGUAGE_STANDARD = "gnu++14";
				CLANG_CXX_LIBRARY = "libc++";
				CLANG_ENABLE_MODULES = YES;
				CLANG_ENABLE_OBJC_ARC = YES;
				CLANG_ENABLE_OBJC_WEAK = YES;
				CLANG_WARN_BLOCK_CAPTURE_AUTORELEASING = YES;
				CLANG_WARN_BOOL_CONVERSION = YES;
				CLANG_WARN_COMMA = YES;
				CLANG_WARN_CONSTANT_CONVERSION = YES;
				CLANG_WARN_DEPRECATED_OBJC_IMPLEMENTATIONS = YES;
				CLANG_WARN_DIRECT_OBJC_ISA_USAGE = YES_ERROR;
				CLANG_WARN_DOCUMENTATION_COMMENTS = YES;
				CLANG_WARN_EMPTY_BODY = YES;
				CLANG_WARN_ENUM_CONVERSION = YES;
				CLANG_WARN_INFINITE_RECURSION = YES;
				CLANG_WARN_INT_CONVERSION = YES;
				CLANG_WARN_NON_LITERAL_NULL_CONVERSION = YES;
				CLANG_WARN_OBJC_IMPLICIT_RETAIN_SELF = YES;
				CLANG_WARN_OBJC_LITERAL_CONVERSION = YES;
				CLANG_WARN_OBJC_ROOT_CLASS = YES_ERROR;
				CLANG_WARN_QUOTED_INCLUDE_IN_FRAMEWORK_HEADER = YES;
				CLANG_WARN_RANGE_LOOP_ANALYSIS = YES;
				CLANG_WARN_STRICT_PROTOTYPES = YES;
				CLANG_WARN_SUSPICIOUS_MOVE = YES;
				CLANG_WARN_UNGUARDED_AVAILABILITY = YES_AGGRESSIVE;
				CLANG_WARN_UNREACHABLE_CODE = YES;
				CLANG_WARN__DUPLICATE_METHOD_MATCH = YES;
				COPY_PHASE_STRIP = NO;
				DEBUG_INFORMATION_FORMAT = "dwarf-with-dsym";
				ENABLE_NS_ASSERTIONS = NO;
				ENABLE_STRICT_OBJC_MSGSEND = YES;
				GCC_C_LANGUAGE_STANDARD = gnu11;
				GCC_NO_COMMON_BLOCKS = YES;
				GCC_WARN_64_TO_32_BIT_CONVERSION = YES;
				GCC_WARN_ABOUT_RETURN_TYPE = YES_ERROR;
				GCC_WARN_UNDECLARED_SELECTOR = YES;
				GCC_WARN_UNINITIALIZED_AUTOS = YES_AGGRESSIVE;
				GCC_WARN_UNUSED_FUNCTION = YES;
				GCC_WARN_UNUSED_VARIABLE = YES;
				IPHONEOS_DEPLOYMENT_TARGET = 14.0;
				MTL_ENABLE_DEBUG_INFO = NO;
				MTL_FAST_MATH = YES;
				SDKROOT = iphoneos;
				SWIFT_COMPILATION_MODE = wholemodule;
				SWIFT_OPTIMIZATION_LEVEL = "-O";
				VALIDATE_PRODUCT = YES;
			};
			name = Release;
		};
		2F48919A262993B000755DBC /* Debug */ = {
			isa = XCBuildConfiguration;
			buildSettings = {
				ASSETCATALOG_COMPILER_APPICON_NAME = AppIcon;
				ASSETCATALOG_COMPILER_GLOBAL_ACCENT_COLOR_NAME = AccentColor;
				CODE_SIGN_STYLE = Automatic;
				DEVELOPMENT_TEAM = 5LY72967ZA;
				INFOPLIST_FILE = SwiftTest/Info.plist;
				IPHONEOS_DEPLOYMENT_TARGET = 14.0;
				LD_RUNPATH_SEARCH_PATHS = (
					"$(inherited)",
					"@executable_path/Frameworks",
				);
				PRODUCT_BUNDLE_IDENTIFIER = WLX.SwiftTest;
				PRODUCT_NAME = "$(TARGET_NAME)";
				SWIFT_VERSION = 5.0;
				TARGETED_DEVICE_FAMILY = "1,2";
			};
			name = Debug;
		};
		2F48919B262993B000755DBC /* Release */ = {
			isa = XCBuildConfiguration;
			buildSettings = {
				ASSETCATALOG_COMPILER_APPICON_NAME = AppIcon;
				ASSETCATALOG_COMPILER_GLOBAL_ACCENT_COLOR_NAME = AccentColor;
				CODE_SIGN_STYLE = Automatic;
				DEVELOPMENT_TEAM = 5LY72967ZA;
				INFOPLIST_FILE = SwiftTest/Info.plist;
				IPHONEOS_DEPLOYMENT_TARGET = 14.0;
				LD_RUNPATH_SEARCH_PATHS = (
					"$(inherited)",
					"@executable_path/Frameworks",
				);
				PRODUCT_BUNDLE_IDENTIFIER = WLX.SwiftTest;
				PRODUCT_NAME = "$(TARGET_NAME)";
				SWIFT_VERSION = 5.0;
				TARGETED_DEVICE_FAMILY = "1,2";
			};
			name = Release;
		};
/* End XCBuildConfiguration section */

/* Begin XCConfigurationList section */
		2F48916A262993AE00755DBC /* Build configuration list for PBXProject "SwiftTest" */ = {
			isa = XCConfigurationList;
			buildConfigurations = (
				2F489197262993B000755DBC /* Debug */,
				2F489198262993B000755DBC /* Release */,
			);
			defaultConfigurationIsVisible = 0;
			defaultConfigurationName = Release;
		};
		2F489199262993B000755DBC /* Build configuration list for PBXNativeTarget "SwiftTest" */ = {
			isa = XCConfigurationList;
			buildConfigurations = (
				2F48919A262993B000755DBC /* Debug */,
				2F48919B262993B000755DBC /* Release */,
			);
			defaultConfigurationIsVisible = 0;
			defaultConfigurationName = Release;
		};
/* End XCConfigurationList section */
	};
	rootObject = 2F489167262993AE00755DBC /* Project object */;
}
